
Microsoft Visual Studio Solution File, Format Version 12.00
# Visual Studio Version 17
VisualStudioVersion = 17.9.34728.123
MinimumVisualStudioVersion = 10.0.40219.1
Project("{FAE04EC0-301F-11D3-BF4B-00C04F79EFBC}") = "INTITUTO1.Server", "INTITUTO1\Server\INTITUTO1.Server.csproj", "{BE51DF67-1D68-4299-8D9E-267ABCBF49AE}"
EndProject
Project("{FAE04EC0-301F-11D3-BF4B-00C04F79EFBC}") = "INTITUTO1.Client", "INTITUTO1\Client\INTITUTO1.Client.csproj", "{8DAAEDFD-24F5-4180-AAD5-F078407C8669}"
EndProject
Project("{FAE04EC0-301F-11D3-BF4B-00C04F79EFBC}") = "INTITUTO1.Shared", "INTITUTO1\Shared\INTITUTO1.Shared.csproj", "{8CC96724-8577-48A4-AFAA-399CBE8BF9E2}"
EndProject
Global
	GlobalSection(SolutionConfigurationPlatforms) = preSolution
		Debug|Any CPU = Debug|Any CPU
		Release|Any CPU = Release|Any CPU
	EndGlobalSection
	GlobalSection(ProjectConfigurationPlatforms) = postSolution
		{BE51DF67-1D68-4299-8D9E-267ABCBF49AE}.Debug|Any CPU.ActiveCfg = Debug|Any CPU
		{BE51DF67-1D68-4299-8D9E-267ABCBF49AE}.Debug|Any CPU.Build.0 = Debug|Any CPU
		{BE51DF67-1D68-4299-8D9E-267ABCBF49AE}.Release|Any CPU.ActiveCfg = Release|Any CPU
		{BE51DF67-1D68-4299-8D9E-267ABCBF49AE}.Release|Any CPU.Build.0 = Release|Any CPU
		{8DAAEDFD-24F5-4180-AAD5-F078407C8669}.Debug|Any CPU.ActiveCfg = Debug|Any CPU
		{8DAAEDFD-24F5-4180-AAD5-F078407C8669}.Debug|Any CPU.Build.0 = Debug|Any CPU
		{8DAAEDFD-24F5-4180-AAD5-F078407C8669}.Release|Any CPU.ActiveCfg = Release|Any CPU
		{8DAAEDFD-24F5-4180-AAD5-F078407C8669}.Release|Any CPU.Build.0 = Release|Any CPU
		{8CC96724-8577-48A4-AFAA-399CBE8BF9E2}.Debug|Any CPU.ActiveCfg = Debug|Any CPU
		{8CC96724-8577-48A4-AFAA-399CBE8BF9E2}.Debug|Any CPU.Build.0 = Debug|Any CPU
		{8CC96724-8577-48A4-AFAA-399CBE8BF9E2}.Release|Any CPU.ActiveCfg = Release|Any CPU
		{8CC96724-8577-48A4-AFAA-399CBE8BF9E2}.Release|Any CPU.Build.0 = Release|Any CPU
	EndGlobalSection
	GlobalSection(SolutionProperties) = preSolution
		HideSolutionNode = FALSE
	EndGlobalSection
	GlobalSection(ExtensibilityGlobals) = postSolution
		SolutionGuid = {8DB07167-75BE-4DCB-9C18-0B358F2BF035}
	EndGlobalSection
EndGlobal
